// !$*UTF8*$!
{
	archiveVersion = 1;
	classes = {
	};
	objectVersion = 56;
	objects = {

/* Begin PBXBuildFile section */
		72340B812B0EE2D000B57B93 /* PrayerTimesClass.swift in Sources */ = {isa = PBXBuildFile; fileRef = 72340B802B0EE2D000B57B93 /* PrayerTimesClass.swift */; };
		72D39DA62B0855CC00EF3384 /* ArahApp.swift in Sources */ = {isa = PBXBuildFile; fileRef = 72D39DA52B0855CC00EF3384 /* ArahApp.swift */; };
		72D39DA82B0855CC00EF3384 /* ContentView.swift in Sources */ = {isa = PBXBuildFile; fileRef = 72D39DA72B0855CC00EF3384 /* ContentView.swift */; };
		72D39DAA2B0855CD00EF3384 /* Assets.xcassets in Resources */ = {isa = PBXBuildFile; fileRef = 72D39DA92B0855CD00EF3384 /* Assets.xcassets */; };
		72D39DAE2B0855CD00EF3384 /* Preview Assets.xcassets in Resources */ = {isa = PBXBuildFile; fileRef = 72D39DAD2B0855CD00EF3384 /* Preview Assets.xcassets */; };
		72D39DB82B0855CD00EF3384 /* ArahTests.swift in Sources */ = {isa = PBXBuildFile; fileRef = 72D39DB72B0855CD00EF3384 /* ArahTests.swift */; };
		72D39DC22B0855CD00EF3384 /* ArahUITests.swift in Sources */ = {isa = PBXBuildFile; fileRef = 72D39DC12B0855CD00EF3384 /* ArahUITests.swift */; };
		72D39DC42B0855CD00EF3384 /* ArahUITestsLaunchTests.swift in Sources */ = {isa = PBXBuildFile; fileRef = 72D39DC32B0855CD00EF3384 /* ArahUITestsLaunchTests.swift */; };
		72D39DD22B0858B900EF3384 /* Adhan in Frameworks */ = {isa = PBXBuildFile; productRef = 72D39DD12B0858B900EF3384 /* Adhan */; };
/* End PBXBuildFile section */

/* Begin PBXContainerItemProxy section */
		72D39DB42B0855CD00EF3384 /* PBXContainerItemProxy */ = {
			isa = PBXContainerItemProxy;
			containerPortal = 72D39D9A2B0855CC00EF3384 /* Project object */;
			proxyType = 1;
			remoteGlobalIDString = 72D39DA12B0855CC00EF3384;
			remoteInfo = Arah;
		};
		72D39DBE2B0855CD00EF3384 /* PBXContainerItemProxy */ = {
			isa = PBXContainerItemProxy;
			containerPortal = 72D39D9A2B0855CC00EF3384 /* Project object */;
			proxyType = 1;
			remoteGlobalIDString = 72D39DA12B0855CC00EF3384;
			remoteInfo = Arah;
		};
/* End PBXContainerItemProxy section */

/* Begin PBXFileReference section */
		72340B802B0EE2D000B57B93 /* PrayerTimesClass.swift */ = {isa = PBXFileReference; lastKnownFileType = sourcecode.swift; path = PrayerTimesClass.swift; sourceTree = "<group>"; };
		72D39DA22B0855CC00EF3384 /* Arah.app */ = {isa = PBXFileReference; explicitFileType = wrapper.application; includeInIndex = 0; path = Arah.app; sourceTree = BUILT_PRODUCTS_DIR; };
		72D39DA52B0855CC00EF3384 /* ArahApp.swift */ = {isa = PBXFileReference; lastKnownFileType = sourcecode.swift; path = ArahApp.swift; sourceTree = "<group>"; };
		72D39DA72B0855CC00EF3384 /* ContentView.swift */ = {isa = PBXFileReference; lastKnownFileType = sourcecode.swift; path = ContentView.swift; sourceTree = "<group>"; };
		72D39DA92B0855CD00EF3384 /* Assets.xcassets */ = {isa = PBXFileReference; lastKnownFileType = folder.assetcatalog; path = Assets.xcassets; sourceTree = "<group>"; };
		72D39DAB2B0855CD00EF3384 /* Arah.entitlements */ = {isa = PBXFileReference; lastKnownFileType = text.plist.entitlements; path = Arah.entitlements; sourceTree = "<group>"; };
		72D39DAD2B0855CD00EF3384 /* Preview Assets.xcassets */ = {isa = PBXFileReference; lastKnownFileType = folder.assetcatalog; path = "Preview Assets.xcassets"; sourceTree = "<group>"; };
		72D39DB32B0855CD00EF3384 /* ArahTests.xctest */ = {isa = PBXFileReference; explicitFileType = wrapper.cfbundle; includeInIndex = 0; path = ArahTests.xctest; sourceTree = BUILT_PRODUCTS_DIR; };
		72D39DB72B0855CD00EF3384 /* ArahTests.swift */ = {isa = PBXFileReference; lastKnownFileType = sourcecode.swift; path = ArahTests.swift; sourceTree = "<group>"; };
		72D39DBD2B0855CD00EF3384 /* ArahUITests.xctest */ = {isa = PBXFileReference; explicitFileType = wrapper.cfbundle; includeInIndex = 0; path = ArahUITests.xctest; sourceTree = BUILT_PRODUCTS_DIR; };
		72D39DC12B0855CD00EF3384 /* ArahUITests.swift */ = {isa = PBXFileReference; lastKnownFileType = sourcecode.swift; path = ArahUITests.swift; sourceTree = "<group>"; };
		72D39DC32B0855CD00EF3384 /* ArahUITestsLaunchTests.swift */ = {isa = PBXFileReference; lastKnownFileType = sourcecode.swift; path = ArahUITestsLaunchTests.swift; sourceTree = "<group>"; };
/* End PBXFileReference section */

/* Begin PBXFrameworksBuildPhase section */
		72D39D9F2B0855CC00EF3384 /* Frameworks */ = {
			isa = PBXFrameworksBuildPhase;
			buildActionMask = 2147483647;
			files = (
				72D39DD22B0858B900EF3384 /* Adhan in Frameworks */,
			);
			runOnlyForDeploymentPostprocessing = 0;
		};
		72D39DB02B0855CD00EF3384 /* Frameworks */ = {
			isa = PBXFrameworksBuildPhase;
			buildActionMask = 2147483647;
			files = (
			);
			runOnlyForDeploymentPostprocessing = 0;
		};
		72D39DBA2B0855CD00EF3384 /* Frameworks */ = {
			isa = PBXFrameworksBuildPhase;
			buildActionMask = 2147483647;
			files = (
			);
			runOnlyForDeploymentPostprocessing = 0;
		};
/* End PBXFrameworksBuildPhase section */

/* Begin PBXGroup section */
		72340B7F2B0EE2C500B57B93 /* Model */ = {
			isa = PBXGroup;
			children = (
				72340B802B0EE2D000B57B93 /* PrayerTimesClass.swift */,
			);
			path = Model;
			sourceTree = "<group>";
		};
		72D39D992B0855CC00EF3384 = {
			isa = PBXGroup;
			children = (
				72D39DA42B0855CC00EF3384 /* Arah */,
				72D39DB62B0855CD00EF3384 /* ArahTests */,
				72D39DC02B0855CD00EF3384 /* ArahUITests */,
				72D39DA32B0855CC00EF3384 /* Products */,
			);
			sourceTree = "<group>";
		};
		72D39DA32B0855CC00EF3384 /* Products */ = {
			isa = PBXGroup;
			children = (
				72D39DA22B0855CC00EF3384 /* Arah.app */,
				72D39DB32B0855CD00EF3384 /* ArahTests.xctest */,
				72D39DBD2B0855CD00EF3384 /* ArahUITests.xctest */,
			);
			name = Products;
			sourceTree = "<group>";
		};
		72D39DA42B0855CC00EF3384 /* Arah */ = {
			isa = PBXGroup;
			children = (
				72D39DA52B0855CC00EF3384 /* ArahApp.swift */,
				72D39DA72B0855CC00EF3384 /* ContentView.swift */,
				72340B7F2B0EE2C500B57B93 /* Model */,
				72D39DA92B0855CD00EF3384 /* Assets.xcassets */,
				72D39DAB2B0855CD00EF3384 /* Arah.entitlements */,
				72D39DAC2B0855CD00EF3384 /* Preview Content */,
			);
			path = Arah;
			sourceTree = "<group>";
		};
		72D39DAC2B0855CD00EF3384 /* Preview Content */ = {
			isa = PBXGroup;
			children = (
				72D39DAD2B0855CD00EF3384 /* Preview Assets.xcassets */,
			);
			path = "Preview Content";
			sourceTree = "<group>";
		};
		72D39DB62B0855CD00EF3384 /* ArahTests */ = {
			isa = PBXGroup;
			children = (
				72D39DB72B0855CD00EF3384 /* ArahTests.swift */,
			);
			path = ArahTests;
			sourceTree = "<group>";
		};
		72D39DC02B0855CD00EF3384 /* ArahUITests */ = {
			isa = PBXGroup;
			children = (
				72D39DC12B0855CD00EF3384 /* ArahUITests.swift */,
				72D39DC32B0855CD00EF3384 /* ArahUITestsLaunchTests.swift */,
			);
			path = ArahUITests;
			sourceTree = "<group>";
		};
/* End PBXGroup section */

/* Begin PBXNativeTarget section */
		72D39DA12B0855CC00EF3384 /* Arah */ = {
			isa = PBXNativeTarget;
			buildConfigurationList = 72D39DC72B0855CD00EF3384 /* Build configuration list for PBXNativeTarget "Arah" */;
			buildPhases = (
				72D39D9E2B0855CC00EF3384 /* Sources */,
				72D39D9F2B0855CC00EF3384 /* Frameworks */,
				72D39DA02B0855CC00EF3384 /* Resources */,
			);
			buildRules = (
			);
			dependencies = (
			);
			name = Arah;
			packageProductDependencies = (
				72D39DD12B0858B900EF3384 /* Adhan */,
			);
			productName = Arah;
			productReference = 72D39DA22B0855CC00EF3384 /* Arah.app */;
			productType = "com.apple.product-type.application";
		};
		72D39DB22B0855CD00EF3384 /* ArahTests */ = {
			isa = PBXNativeTarget;
			buildConfigurationList = 72D39DCA2B0855CD00EF3384 /* Build configuration list for PBXNativeTarget "ArahTests" */;
			buildPhases = (
				72D39DAF2B0855CD00EF3384 /* Sources */,
				72D39DB02B0855CD00EF3384 /* Frameworks */,
				72D39DB12B0855CD00EF3384 /* Resources */,
			);
			buildRules = (
			);
			dependencies = (
				72D39DB52B0855CD00EF3384 /* PBXTargetDependency */,
			);
			name = ArahTests;
			productName = ArahTests;
			productReference = 72D39DB32B0855CD00EF3384 /* ArahTests.xctest */;
			productType = "com.apple.product-type.bundle.unit-test";
		};
		72D39DBC2B0855CD00EF3384 /* ArahUITests */ = {
			isa = PBXNativeTarget;
			buildConfigurationList = 72D39DCD2B0855CD00EF3384 /* Build configuration list for PBXNativeTarget "ArahUITests" */;
			buildPhases = (
				72D39DB92B0855CD00EF3384 /* Sources */,
				72D39DBA2B0855CD00EF3384 /* Frameworks */,
				72D39DBB2B0855CD00EF3384 /* Resources */,
			);
			buildRules = (
			);
			dependencies = (
				72D39DBF2B0855CD00EF3384 /* PBXTargetDependency */,
			);
			name = ArahUITests;
			productName = ArahUITests;
			productReference = 72D39DBD2B0855CD00EF3384 /* ArahUITests.xctest */;
			productType = "com.apple.product-type.bundle.ui-testing";
		};
/* End PBXNativeTarget section */

/* Begin PBXProject section */
		72D39D9A2B0855CC00EF3384 /* Project object */ = {
			isa = PBXProject;
			attributes = {
				BuildIndependentTargetsInParallel = 1;
				LastSwiftUpdateCheck = 1500;
				LastUpgradeCheck = 1500;
				TargetAttributes = {
					72D39DA12B0855CC00EF3384 = {
						CreatedOnToolsVersion = 15.0.1;
					};
					72D39DB22B0855CD00EF3384 = {
						CreatedOnToolsVersion = 15.0.1;
						TestTargetID = 72D39DA12B0855CC00EF3384;
					};
					72D39DBC2B0855CD00EF3384 = {
						CreatedOnToolsVersion = 15.0.1;
						TestTargetID = 72D39DA12B0855CC00EF3384;
					};
				};
			};
			buildConfigurationList = 72D39D9D2B0855CC00EF3384 /* Build configuration list for PBXProject "Arah" */;
			compatibilityVersion = "Xcode 14.0";
			developmentRegion = en;
			hasScannedForEncodings = 0;
			knownRegions = (
				en,
				Base,
			);
			mainGroup = 72D39D992B0855CC00EF3384;
			packageReferences = (
				72D39DD02B0858B900EF3384 /* XCRemoteSwiftPackageReference "adhan-swift" */,
			);
			productRefGroup = 72D39DA32B0855CC00EF3384 /* Products */;
			projectDirPath = "";
			projectRoot = "";
			targets = (
				72D39DA12B0855CC00EF3384 /* Arah */,
				72D39DB22B0855CD00EF3384 /* ArahTests */,
				72D39DBC2B0855CD00EF3384 /* ArahUITests */,
			);
		};
/* End PBXProject section */

/* Begin PBXResourcesBuildPhase section */
		72D39DA02B0855CC00EF3384 /* Resources */ = {
			isa = PBXResourcesBuildPhase;
			buildActionMask = 2147483647;
			files = (
				72D39DAE2B0855CD00EF3384 /* Preview Assets.xcassets in Resources */,
				72D39DAA2B0855CD00EF3384 /* Assets.xcassets in Resources */,
			);
			runOnlyForDeploymentPostprocessing = 0;
		};
		72D39DB12B0855CD00EF3384 /* Resources */ = {
			isa = PBXResourcesBuildPhase;
			buildActionMask = 2147483647;
			files = (
			);
			runOnlyForDeploymentPostprocessing = 0;
		};
		72D39DBB2B0855CD00EF3384 /* Resources */ = {
			isa = PBXResourcesBuildPhase;
			buildActionMask = 2147483647;
			files = (
			);
			runOnlyForDeploymentPostprocessing = 0;
		};
/* End PBXResourcesBuildPhase section */

/* Begin PBXSourcesBuildPhase section */
		72D39D9E2B0855CC00EF3384 /* Sources */ = {
			isa = PBXSourcesBuildPhase;
			buildActionMask = 2147483647;
			files = (
				72D39DA82B0855CC00EF3384 /* ContentView.swift in Sources */,
				72340B812B0EE2D000B57B93 /* PrayerTimesClass.swift in Sources */,
				72D39DA62B0855CC00EF3384 /* ArahApp.swift in Sources */,
			);
			runOnlyForDeploymentPostprocessing = 0;
		};
		72D39DAF2B0855CD00EF3384 /* Sources */ = {
			isa = PBXSourcesBuildPhase;
			buildActionMask = 2147483647;
			files = (
				72D39DB82B0855CD00EF3384 /* ArahTests.swift in Sources */,
			);
			runOnlyForDeploymentPostprocessing = 0;
		};
		72D39DB92B0855CD00EF3384 /* Sources */ = {
			isa = PBXSourcesBuildPhase;
			buildActionMask = 2147483647;
			files = (
				72D39DC42B0855CD00EF3384 /* ArahUITestsLaunchTests.swift in Sources */,
				72D39DC22B0855CD00EF3384 /* ArahUITests.swift in Sources */,
			);
			runOnlyForDeploymentPostprocessing = 0;
		};
/* End PBXSourcesBuildPhase section */

/* Begin PBXTargetDependency section */
		72D39DB52B0855CD00EF3384 /* PBXTargetDependency */ = {
			isa = PBXTargetDependency;
			target = 72D39DA12B0855CC00EF3384 /* Arah */;
			targetProxy = 72D39DB42B0855CD00EF3384 /* PBXContainerItemProxy */;
		};
		72D39DBF2B0855CD00EF3384 /* PBXTargetDependency */ = {
			isa = PBXTargetDependency;
			target = 72D39DA12B0855CC00EF3384 /* Arah */;
			targetProxy = 72D39DBE2B0855CD00EF3384 /* PBXContainerItemProxy */;
		};
/* End PBXTargetDependency section */

/* Begin XCBuildConfiguration section */
		72D39DC52B0855CD00EF3384 /* Debug */ = {
			isa = XCBuildConfiguration;
			buildSettings = {
				ALWAYS_SEARCH_USER_PATHS = NO;
				ASSETCATALOG_COMPILER_GENERATE_SWIFT_ASSET_SYMBOL_EXTENSIONS = YES;
				CLANG_ANALYZER_NONNULL = YES;
				CLANG_ANALYZER_NUMBER_OBJECT_CONVERSION = YES_AGGRESSIVE;
				CLANG_CXX_LANGUAGE_STANDARD = "gnu++20";
				CLANG_ENABLE_MODULES = YES;
				CLANG_ENABLE_OBJC_ARC = YES;
				CLANG_ENABLE_OBJC_WEAK = YES;
				CLANG_WARN_BLOCK_CAPTURE_AUTORELEASING = YES;
				CLANG_WARN_BOOL_CONVERSION = YES;
				CLANG_WARN_COMMA = YES;
				CLANG_WARN_CONSTANT_CONVERSION = YES;
				CLANG_WARN_DEPRECATED_OBJC_IMPLEMENTATIONS = YES;
				CLANG_WARN_DIRECT_OBJC_ISA_USAGE = YES_ERROR;
				CLANG_WARN_DOCUMENTATION_COMMENTS = YES;
				CLANG_WARN_EMPTY_BODY = YES;
				CLANG_WARN_ENUM_CONVERSION = YES;
				CLANG_WARN_INFINITE_RECURSION = YES;
				CLANG_WARN_INT_CONVERSION = YES;
				CLANG_WARN_NON_LITERAL_NULL_CONVERSION = YES;
				CLANG_WARN_OBJC_IMPLICIT_RETAIN_SELF = YES;
				CLANG_WARN_OBJC_LITERAL_CONVERSION = YES;
				CLANG_WARN_OBJC_ROOT_CLASS = YES_ERROR;
				CLANG_WARN_QUOTED_INCLUDE_IN_FRAMEWORK_HEADER = YES;
				CLANG_WARN_RANGE_LOOP_ANALYSIS = YES;
				CLANG_WARN_STRICT_PROTOTYPES = YES;
				CLANG_WARN_SUSPICIOUS_MOVE = YES;
				CLANG_WARN_UNGUARDED_AVAILABILITY = YES_AGGRESSIVE;
				CLANG_WARN_UNREACHABLE_CODE = YES;
				CLANG_WARN__DUPLICATE_METHOD_MATCH = YES;
				COPY_PHASE_STRIP = NO;
				DEBUG_INFORMATION_FORMAT = dwarf;
				ENABLE_STRICT_OBJC_MSGSEND = YES;
				ENABLE_TESTABILITY = YES;
				ENABLE_USER_SCRIPT_SANDBOXING = YES;
				GCC_C_LANGUAGE_STANDARD = gnu17;
				GCC_DYNAMIC_NO_PIC = NO;
				GCC_NO_COMMON_BLOCKS = YES;
				GCC_OPTIMIZATION_LEVEL = 0;
				GCC_PREPROCESSOR_DEFINITIONS = (
					"DEBUG=1",
					"$(inherited)",
				);
				GCC_WARN_64_TO_32_BIT_CONVERSION = YES;
				GCC_WARN_ABOUT_RETURN_TYPE = YES_ERROR;
				GCC_WARN_UNDECLARED_SELECTOR = YES;
				GCC_WARN_UNINITIALIZED_AUTOS = YES_AGGRESSIVE;
				GCC_WARN_UNUSED_FUNCTION = YES;
				GCC_WARN_UNUSED_VARIABLE = YES;
				LOCALIZATION_PREFERS_STRING_CATALOGS = YES;
				MTL_ENABLE_DEBUG_INFO = INCLUDE_SOURCE;
				MTL_FAST_MATH = YES;
				ONLY_ACTIVE_ARCH = YES;
				SWIFT_ACTIVE_COMPILATION_CONDITIONS = "DEBUG $(inherited)";
				SWIFT_OPTIMIZATION_LEVEL = "-Onone";
			};
			name = Debug;
		};
		72D39DC62B0855CD00EF3384 /* Release */ = {
			isa = XCBuildConfiguration;
			buildSettings = {
				ALWAYS_SEARCH_USER_PATHS = NO;
				ASSETCATALOG_COMPILER_GENERATE_SWIFT_ASSET_SYMBOL_EXTENSIONS = YES;
				CLANG_ANALYZER_NONNULL = YES;
				CLANG_ANALYZER_NUMBER_OBJECT_CONVERSION = YES_AGGRESSIVE;
				CLANG_CXX_LANGUAGE_STANDARD = "gnu++20";
				CLANG_ENABLE_MODULES = YES;
				CLANG_ENABLE_OBJC_ARC = YES;
				CLANG_ENABLE_OBJC_WEAK = YES;
				CLANG_WARN_BLOCK_CAPTURE_AUTORELEASING = YES;
				CLANG_WARN_BOOL_CONVERSION = YES;
				CLANG_WARN_COMMA = YES;
				CLANG_WARN_CONSTANT_CONVERSION = YES;
				CLANG_WARN_DEPRECATED_OBJC_IMPLEMENTATIONS = YES;
				CLANG_WARN_DIRECT_OBJC_ISA_USAGE = YES_ERROR;
				CLANG_WARN_DOCUMENTATION_COMMENTS = YES;
				CLANG_WARN_EMPTY_BODY = YES;
				CLANG_WARN_ENUM_CONVERSION = YES;
				CLANG_WARN_INFINITE_RECURSION = YES;
				CLANG_WARN_INT_CONVERSION = YES;
				CLANG_WARN_NON_LITERAL_NULL_CONVERSION = YES;
				CLANG_WARN_OBJC_IMPLICIT_RETAIN_SELF = YES;
				CLANG_WARN_OBJC_LITERAL_CONVERSION = YES;
				CLANG_WARN_OBJC_ROOT_CLASS = YES_ERROR;
				CLANG_WARN_QUOTED_INCLUDE_IN_FRAMEWORK_HEADER = YES;
				CLANG_WARN_RANGE_LOOP_ANALYSIS = YES;
				CLANG_WARN_STRICT_PROTOTYPES = YES;
				CLANG_WARN_SUSPICIOUS_MOVE = YES;
				CLANG_WARN_UNGUARDED_AVAILABILITY = YES_AGGRESSIVE;
				CLANG_WARN_UNREACHABLE_CODE = YES;
				CLANG_WARN__DUPLICATE_METHOD_MATCH = YES;
				COPY_PHASE_STRIP = NO;
				DEBUG_INFORMATION_FORMAT = "dwarf-with-dsym";
				ENABLE_NS_ASSERTIONS = NO;
				ENABLE_STRICT_OBJC_MSGSEND = YES;
				ENABLE_USER_SCRIPT_SANDBOXING = YES;
				GCC_C_LANGUAGE_STANDARD = gnu17;
				GCC_NO_COMMON_BLOCKS = YES;
				GCC_WARN_64_TO_32_BIT_CONVERSION = YES;
				GCC_WARN_ABOUT_RETURN_TYPE = YES_ERROR;
				GCC_WARN_UNDECLARED_SELECTOR = YES;
				GCC_WARN_UNINITIALIZED_AUTOS = YES_AGGRESSIVE;
				GCC_WARN_UNUSED_FUNCTION = YES;
				GCC_WARN_UNUSED_VARIABLE = YES;
				LOCALIZATION_PREFERS_STRING_CATALOGS = YES;
				MTL_ENABLE_DEBUG_INFO = NO;
				MTL_FAST_MATH = YES;
				SWIFT_COMPILATION_MODE = wholemodule;
			};
			name = Release;
		};
		72D39DC82B0855CD00EF3384 /* Debug */ = {
			isa = XCBuildConfiguration;
			buildSettings = {
				ASSETCATALOG_COMPILER_APPICON_NAME = AppIcon;
				ASSETCATALOG_COMPILER_GLOBAL_ACCENT_COLOR_NAME = AccentColor;
				CODE_SIGN_ENTITLEMENTS = Arah/Arah.entitlements;
				CODE_SIGN_STYLE = Automatic;
				CURRENT_PROJECT_VERSION = 1;
				DEVELOPMENT_ASSET_PATHS = "\"Arah/Preview Content\"";
				DEVELOPMENT_TEAM = 9T6A37YY89;
				ENABLE_HARDENED_RUNTIME = YES;
				ENABLE_PREVIEWS = YES;
				GENERATE_INFOPLIST_FILE = YES;
				"INFOPLIST_KEY_UIApplicationSceneManifest_Generation[sdk=iphoneos*]" = YES;
				"INFOPLIST_KEY_UIApplicationSceneManifest_Generation[sdk=iphonesimulator*]" = YES;
				"INFOPLIST_KEY_UIApplicationSupportsIndirectInputEvents[sdk=iphoneos*]" = YES;
				"INFOPLIST_KEY_UIApplicationSupportsIndirectInputEvents[sdk=iphonesimulator*]" = YES;
				"INFOPLIST_KEY_UILaunchScreen_Generation[sdk=iphoneos*]" = YES;
				"INFOPLIST_KEY_UILaunchScreen_Generation[sdk=iphonesimulator*]" = YES;
				"INFOPLIST_KEY_UIStatusBarStyle[sdk=iphoneos*]" = UIStatusBarStyleDefault;
				"INFOPLIST_KEY_UIStatusBarStyle[sdk=iphonesimulator*]" = UIStatusBarStyleDefault;
				INFOPLIST_KEY_UISupportedInterfaceOrientations = UIInterfaceOrientationPortrait;
				IPHONEOS_DEPLOYMENT_TARGET = 14.0;
				LD_RUNPATH_SEARCH_PATHS = "@executable_path/Frameworks";
				"LD_RUNPATH_SEARCH_PATHS[sdk=macosx*]" = "@executable_path/../Frameworks";
				MACOSX_DEPLOYMENT_TARGET = 14.0;
				MARKETING_VERSION = 1.0;
				PRODUCT_BUNDLE_IDENTIFIER = com.20past30.Arah;
				PRODUCT_NAME = "$(TARGET_NAME)";
				SDKROOT = auto;
				SUPPORTED_PLATFORMS = "iphoneos iphonesimulator macosx";
				SWIFT_EMIT_LOC_STRINGS = YES;
				SWIFT_VERSION = 5.0;
				TARGETED_DEVICE_FAMILY = "1,2";
			};
			name = Debug;
		};
		72D39DC92B0855CD00EF3384 /* Release */ = {
			isa = XCBuildConfiguration;
			buildSettings = {
				ASSETCATALOG_COMPILER_APPICON_NAME = AppIcon;
				ASSETCATALOG_COMPILER_GLOBAL_ACCENT_COLOR_NAME = AccentColor;
				CODE_SIGN_ENTITLEMENTS = Arah/Arah.entitlements;
				CODE_SIGN_STYLE = Automatic;
				CURRENT_PROJECT_VERSION = 1;
				DEVELOPMENT_ASSET_PATHS = "\"Arah/Preview Content\"";
				DEVELOPMENT_TEAM = 9T6A37YY89;
				ENABLE_HARDENED_RUNTIME = YES;
				ENABLE_PREVIEWS = YES;
				GENERATE_INFOPLIST_FILE = YES;
				"INFOPLIST_KEY_UIApplicationSceneManifest_Generation[sdk=iphoneos*]" = YES;
				"INFOPLIST_KEY_UIApplicationSceneManifest_Generation[sdk=iphonesimulator*]" = YES;
				"INFOPLIST_KEY_UIApplicationSupportsIndirectInputEvents[sdk=iphoneos*]" = YES;
				"INFOPLIST_KEY_UIApplicationSupportsIndirectInputEvents[sdk=iphonesimulator*]" = YES;
				"INFOPLIST_KEY_UILaunchScreen_Generation[sdk=iphoneos*]" = YES;
				"INFOPLIST_KEY_UILaunchScreen_Generation[sdk=iphonesimulator*]" = YES;
				"INFOPLIST_KEY_UIStatusBarStyle[sdk=iphoneos*]" = UIStatusBarStyleDefault;
				"INFOPLIST_KEY_UIStatusBarStyle[sdk=iphonesimulator*]" = UIStatusBarStyleDefault;
				INFOPLIST_KEY_UISupportedInterfaceOrientations = UIInterfaceOrientationPortrait;
				IPHONEOS_DEPLOYMENT_TARGET = 14.0;
				LD_RUNPATH_SEARCH_PATHS = "@executable_path/Frameworks";
				"LD_RUNPATH_SEARCH_PATHS[sdk=macosx*]" = "@executable_path/../Frameworks";
				MACOSX_DEPLOYMENT_TARGET = 14.0;
				MARKETING_VERSION = 1.0;
				PRODUCT_BUNDLE_IDENTIFIER = com.20past30.Arah;
				PRODUCT_NAME = "$(TARGET_NAME)";
				SDKROOT = auto;
				SUPPORTED_PLATFORMS = "iphoneos iphonesimulator macosx";
				SWIFT_EMIT_LOC_STRINGS = YES;
				SWIFT_VERSION = 5.0;
				TARGETED_DEVICE_FAMILY = "1,2";
			};
			name = Release;
		};
		72D39DCB2B0855CD00EF3384 /* Debug */ = {
			isa = XCBuildConfiguration;
			buildSettings = {
				ALWAYS_EMBED_SWIFT_STANDARD_LIBRARIES = YES;
				BUNDLE_LOADER = "$(TEST_HOST)";
				CODE_SIGN_STYLE = Automatic;
				CURRENT_PROJECT_VERSION = 1;
				DEVELOPMENT_TEAM = 9T6A37YY89;
				GENERATE_INFOPLIST_FILE = YES;
				IPHONEOS_DEPLOYMENT_TARGET = 17.0;
				MACOSX_DEPLOYMENT_TARGET = 14.0;
				MARKETING_VERSION = 1.0;
				PRODUCT_BUNDLE_IDENTIFIER = com.20past30.ArahTests;
				PRODUCT_NAME = "$(TARGET_NAME)";
				SDKROOT = auto;
				SUPPORTED_PLATFORMS = "iphoneos iphonesimulator macosx";
				SWIFT_EMIT_LOC_STRINGS = NO;
				SWIFT_VERSION = 5.0;
				TARGETED_DEVICE_FAMILY = "1,2";
				TEST_HOST = "$(BUILT_PRODUCTS_DIR)/Arah.app/$(BUNDLE_EXECUTABLE_FOLDER_PATH)/Arah";
			};
			name = Debug;
		};
		72D39DCC2B0855CD00EF3384 /* Release */ = {
			isa = XCBuildConfiguration;
			buildSettings = {
				ALWAYS_EMBED_SWIFT_STANDARD_LIBRARIES = YES;
				BUNDLE_LOADER = "$(TEST_HOST)";
				CODE_SIGN_STYLE = Automatic;
				CURRENT_PROJECT_VERSION = 1;
				DEVELOPMENT_TEAM = 9T6A37YY89;
				GENERATE_INFOPLIST_FILE = YES;
				IPHONEOS_DEPLOYMENT_TARGET = 17.0;
				MACOSX_DEPLOYMENT_TARGET = 14.0;
				MARKETING_VERSION = 1.0;
				PRODUCT_BUNDLE_IDENTIFIER = com.20past30.ArahTests;
				PRODUCT_NAME = "$(TARGET_NAME)";
				SDKROOT = auto;
				SUPPORTED_PLATFORMS = "iphoneos iphonesimulator macosx";
				SWIFT_EMIT_LOC_STRINGS = NO;
				SWIFT_VERSION = 5.0;
				TARGETED_DEVICE_FAMILY = "1,2";
				TEST_HOST = "$(BUILT_PRODUCTS_DIR)/Arah.app/$(BUNDLE_EXECUTABLE_FOLDER_PATH)/Arah";
			};
			name = Release;
		};
		72D39DCE2B0855CD00EF3384 /* Debug */ = {
			isa = XCBuildConfiguration;
			buildSettings = {
				ALWAYS_EMBED_SWIFT_STANDARD_LIBRARIES = YES;
				CODE_SIGN_STYLE = Automatic;
				CURRENT_PROJECT_VERSION = 1;
				DEVELOPMENT_TEAM = 9T6A37YY89;
				GENERATE_INFOPLIST_FILE = YES;
				IPHONEOS_DEPLOYMENT_TARGET = 17.0;
				MACOSX_DEPLOYMENT_TARGET = 14.0;
				MARKETING_VERSION = 1.0;
				PRODUCT_BUNDLE_IDENTIFIER = com.20past30.ArahUITests;
				PRODUCT_NAME = "$(TARGET_NAME)";
				SDKROOT = auto;
				SUPPORTED_PLATFORMS = "iphoneos iphonesimulator macosx";
				SWIFT_EMIT_LOC_STRINGS = NO;
				SWIFT_VERSION = 5.0;
				TARGETED_DEVICE_FAMILY = "1,2";
				TEST_TARGET_NAME = Arah;
			};
			name = Debug;
		};
		72D39DCF2B0855CD00EF3384 /* Release */ = {
			isa = XCBuildConfiguration;
			buildSettings = {
				ALWAYS_EMBED_SWIFT_STANDARD_LIBRARIES = YES;
				CODE_SIGN_STYLE = Automatic;
				CURRENT_PROJECT_VERSION = 1;
				DEVELOPMENT_TEAM = 9T6A37YY89;
				GENERATE_INFOPLIST_FILE = YES;
				IPHONEOS_DEPLOYMENT_TARGET = 17.0;
				MACOSX_DEPLOYMENT_TARGET = 14.0;
				MARKETING_VERSION = 1.0;
				PRODUCT_BUNDLE_IDENTIFIER = com.20past30.ArahUITests;
				PRODUCT_NAME = "$(TARGET_NAME)";
				SDKROOT = auto;
				SUPPORTED_PLATFORMS = "iphoneos iphonesimulator macosx";
				SWIFT_EMIT_LOC_STRINGS = NO;
				SWIFT_VERSION = 5.0;
				TARGETED_DEVICE_FAMILY = "1,2";
				TEST_TARGET_NAME = Arah;
			};
			name = Release;
		};
/* End XCBuildConfiguration section */

/* Begin XCConfigurationList section */
		72D39D9D2B0855CC00EF3384 /* Build configuration list for PBXProject "Arah" */ = {
			isa = XCConfigurationList;
			buildConfigurations = (
				72D39DC52B0855CD00EF3384 /* Debug */,
				72D39DC62B0855CD00EF3384 /* Release */,
			);
			defaultConfigurationIsVisible = 0;
			defaultConfigurationName = Release;
		};
		72D39DC72B0855CD00EF3384 /* Build configuration list for PBXNativeTarget "Arah" */ = {
			isa = XCConfigurationList;
			buildConfigurations = (
				72D39DC82B0855CD00EF3384 /* Debug */,
				72D39DC92B0855CD00EF3384 /* Release */,
			);
			defaultConfigurationIsVisible = 0;
			defaultConfigurationName = Release;
		};
		72D39DCA2B0855CD00EF3384 /* Build configuration list for PBXNativeTarget "ArahTests" */ = {
			isa = XCConfigurationList;
			buildConfigurations = (
				72D39DCB2B0855CD00EF3384 /* Debug */,
				72D39DCC2B0855CD00EF3384 /* Release */,
			);
			defaultConfigurationIsVisible = 0;
			defaultConfigurationName = Release;
		};
		72D39DCD2B0855CD00EF3384 /* Build configuration list for PBXNativeTarget "ArahUITests" */ = {
			isa = XCConfigurationList;
			buildConfigurations = (
				72D39DCE2B0855CD00EF3384 /* Debug */,
				72D39DCF2B0855CD00EF3384 /* Release */,
			);
			defaultConfigurationIsVisible = 0;
			defaultConfigurationName = Release;
		};
/* End XCConfigurationList section */

/* Begin XCRemoteSwiftPackageReference section */
		72D39DD02B0858B900EF3384 /* XCRemoteSwiftPackageReference "adhan-swift" */ = {
			isa = XCRemoteSwiftPackageReference;
			repositoryURL = "https://github.com/batoulapps/adhan-swift";
			requirement = {
				kind = upToNextMajorVersion;
				minimumVersion = 1.4.0;
			};
		};
/* End XCRemoteSwiftPackageReference section */

/* Begin XCSwiftPackageProductDependency section */
		72D39DD12B0858B900EF3384 /* Adhan */ = {
			isa = XCSwiftPackageProductDependency;
			package = 72D39DD02B0858B900EF3384 /* XCRemoteSwiftPackageReference "adhan-swift" */;
			productName = Adhan;
		};
/* End XCSwiftPackageProductDependency section */
	};
	rootObject = 72D39D9A2B0855CC00EF3384 /* Project object */;
}
